{
    "_meta": {
        "hash": {
            "sha256": "2e20c430348b199da1b310b3efc774f5d6ba414005265fa76711ffcff09bb2ea"
        },
        "pipfile-spec": 6,
        "requires": {
            "python_version": "3.12"
        },
        "sources": [
            {
                "name": "pypi",
                "url": "https://pypi.org/simple",
                "verify_ssl": true
            }
        ]
    },
    "default": {
        "communicate": {
            "hashes": [
                "sha256:3d872bd461c26d58d39d96949514cb533a47facce466ee4e2590da61dadedd89",
                "sha256:6c1c2ebff4a0c14e2341565a4e46de912042a705c4014d47d5763d2e18b9dfc4"
            ],
            "index": "pypi",
            "version": "==0.0.7"
        },
        "docutils": {
            "hashes": [
                "sha256:3a6b18732edf182daa3cd12775bbb338cf5691468f91eeeb109deff6ebfa986f",
                "sha256:dafca5b9e384f0e419294eb4d2ff9fa826435bf15f15b7bd45723e8ad76811b2"
            ],
            "markers": "python_version >= '3.9'",
            "version": "==0.21.2"
        },
        "statistics": {
            "hashes": [
                "sha256:2dc379b80b07bf2ddd5488cad06b2b9531da4dd31edb04dc9ec0dc226486c138"
            ],
            "index": "pypi",
            "version": "==1.0.3.5"
        }
    },
    "develop": {}
}
